// !$*UTF8*$!
{
	archiveVersion = 1;
	classes = {
	};
	objectVersion = 50;
	objects = {

/* Begin PBXBuildFile section */
		161880D82139A9E800D449D4 /* AppDelegate.m in Sources */ = {isa = PBXBuildFile; fileRef = 161880D72139A9E800D449D4 /* AppDelegate.m */; };
		161880DE2139A9E800D449D4 /* Main.storyboard in Resources */ = {isa = PBXBuildFile; fileRef = 161880DC2139A9E800D449D4 /* Main.storyboard */; };
		161880E02139A9EB00D449D4 /* Assets.xcassets in Resources */ = {isa = PBXBuildFile; fileRef = 161880DF2139A9EB00D449D4 /* Assets.xcassets */; };
		161880E32139A9EB00D449D4 /* LaunchScreen.storyboard in Resources */ = {isa = PBXBuildFile; fileRef = 161880E12139A9EB00D449D4 /* LaunchScreen.storyboard */; };
		161880E62139A9EB00D449D4 /* main.m in Sources */ = {isa = PBXBuildFile; fileRef = 161880E52139A9EB00D449D4 /* main.m */; };
		161880EE2139AA2800D449D4 /* BaseViewController.m in Sources */ = {isa = PBXBuildFile; fileRef = 161880ED2139AA2800D449D4 /* BaseViewController.m */; };
		161880F42139AC3E00D449D4 /* TestViewController.m in Sources */ = {isa = PBXBuildFile; fileRef = 161880F32139AC3E00D449D4 /* TestViewController.m */; };
		161880F72139ACD100D449D4 /* HomeViewController.m in Sources */ = {isa = PBXBuildFile; fileRef = 161880F62139ACD100D449D4 /* HomeViewController.m */; };
		161880FA2139ACDB00D449D4 /* FavoriteViewController.m in Sources */ = {isa = PBXBuildFile; fileRef = 161880F92139ACDB00D449D4 /* FavoriteViewController.m */; };
		161880FD2139ACE100D449D4 /* MoreViewController.m in Sources */ = {isa = PBXBuildFile; fileRef = 161880FC2139ACE100D449D4 /* MoreViewController.m */; };
		161881012139ADF600D449D4 /* UINavigationController+SmartPush.m in Sources */ = {isa = PBXBuildFile; fileRef = 161880FF2139ADF600D449D4 /* UINavigationController+SmartPush.m */; };
/* End PBXBuildFile section */

/* Begin PBXFileReference section */
		161880D32139A9E700D449D4 /* UINavigationController+SmartPush.app */ = {isa = PBXFileReference; explicitFileType = wrapper.application; includeInIndex = 0; path = "UINavigationController+SmartPush.app"; sourceTree = BUILT_PRODUCTS_DIR; };
		161880D62139A9E800D449D4 /* AppDelegate.h */ = {isa = PBXFileReference; lastKnownFileType = sourcecode.c.h; path = AppDelegate.h; sourceTree = "<group>"; };
		161880D72139A9E800D449D4 /* AppDelegate.m */ = {isa = PBXFileReference; lastKnownFileType = sourcecode.c.objc; path = AppDelegate.m; sourceTree = "<group>"; };
		161880DD2139A9E800D449D4 /* Base */ = {isa = PBXFileReference; lastKnownFileType = file.storyboard; name = Base; path = Base.lproj/Main.storyboard; sourceTree = "<group>"; };
		161880DF2139A9EB00D449D4 /* Assets.xcassets */ = {isa = PBXFileReference; lastKnownFileType = folder.assetcatalog; path = Assets.xcassets; sourceTree = "<group>"; };
		161880E22139A9EB00D449D4 /* Base */ = {isa = PBXFileReference; lastKnownFileType = file.storyboard; name = Base; path = Base.lproj/LaunchScreen.storyboard; sourceTree = "<group>"; };
		161880E42139A9EB00D449D4 /* Info.plist */ = {isa = PBXFileReference; lastKnownFileType = text.plist.xml; path = Info.plist; sourceTree = "<group>"; };
		161880E52139A9EB00D449D4 /* main.m */ = {isa = PBXFileReference; lastKnownFileType = sourcecode.c.objc; path = main.m; sourceTree = "<group>"; };
		161880EC2139AA2800D449D4 /* BaseViewController.h */ = {isa = PBXFileReference; lastKnownFileType = sourcecode.c.h; path = BaseViewController.h; sourceTree = "<group>"; };
		161880ED2139AA2800D449D4 /* BaseViewController.m */ = {isa = PBXFileReference; lastKnownFileType = sourcecode.c.objc; path = BaseViewController.m; sourceTree = "<group>"; };
		161880F22139AC3E00D449D4 /* TestViewController.h */ = {isa = PBXFileReference; lastKnownFileType = sourcecode.c.h; path = TestViewController.h; sourceTree = "<group>"; };
		161880F32139AC3E00D449D4 /* TestViewController.m */ = {isa = PBXFileReference; lastKnownFileType = sourcecode.c.objc; path = TestViewController.m; sourceTree = "<group>"; };
		161880F52139ACD100D449D4 /* HomeViewController.h */ = {isa = PBXFileReference; lastKnownFileType = sourcecode.c.h; path = HomeViewController.h; sourceTree = "<group>"; };
		161880F62139ACD100D449D4 /* HomeViewController.m */ = {isa = PBXFileReference; lastKnownFileType = sourcecode.c.objc; path = HomeViewController.m; sourceTree = "<group>"; };
		161880F82139ACDB00D449D4 /* FavoriteViewController.h */ = {isa = PBXFileReference; lastKnownFileType = sourcecode.c.h; path = FavoriteViewController.h; sourceTree = "<group>"; };
		161880F92139ACDB00D449D4 /* FavoriteViewController.m */ = {isa = PBXFileReference; lastKnownFileType = sourcecode.c.objc; path = FavoriteViewController.m; sourceTree = "<group>"; };
		161880FB2139ACE100D449D4 /* MoreViewController.h */ = {isa = PBXFileReference; lastKnownFileType = sourcecode.c.h; path = MoreViewController.h; sourceTree = "<group>"; };
		161880FC2139ACE100D449D4 /* MoreViewController.m */ = {isa = PBXFileReference; lastKnownFileType = sourcecode.c.objc; path = MoreViewController.m; sourceTree = "<group>"; };
		161880FF2139ADF600D449D4 /* UINavigationController+SmartPush.m */ = {isa = PBXFileReference; fileEncoding = 4; lastKnownFileType = sourcecode.c.objc; path = "UINavigationController+SmartPush.m"; sourceTree = "<group>"; };
		161881002139ADF600D449D4 /* UINavigationController+SmartPush.h */ = {isa = PBXFileReference; fileEncoding = 4; lastKnownFileType = sourcecode.c.h; path = "UINavigationController+SmartPush.h"; sourceTree = "<group>"; };
/* End PBXFileReference section */

/* Begin PBXFrameworksBuildPhase section */
		161880D02139A9E700D449D4 /* Frameworks */ = {
			isa = PBXFrameworksBuildPhase;
			buildActionMask = 2147483647;
			files = (
			);
			runOnlyForDeploymentPostprocessing = 0;
		};
/* End PBXFrameworksBuildPhase section */

/* Begin PBXGroup section */
		161880CA2139A9E700D449D4 = {
			isa = PBXGroup;
			children = (
				161880FE2139ADF600D449D4 /* SmartPush */,
				161880D52139A9E800D449D4 /* UINavigationController+SmartPush */,
				161880D42139A9E700D449D4 /* Products */,
			);
			sourceTree = "<group>";
		};
		161880D42139A9E700D449D4 /* Products */ = {
			isa = PBXGroup;
			children = (
				161880D32139A9E700D449D4 /* UINavigationController+SmartPush.app */,
			);
			name = Products;
			sourceTree = "<group>";
		};
		161880D52139A9E800D449D4 /* UINavigationController+SmartPush */ = {
			isa = PBXGroup;
			children = (
				161880D62139A9E800D449D4 /* AppDelegate.h */,
				161880D72139A9E800D449D4 /* AppDelegate.m */,
				161880EC2139AA2800D449D4 /* BaseViewController.h */,
				161880ED2139AA2800D449D4 /* BaseViewController.m */,
				161880F52139ACD100D449D4 /* HomeViewController.h */,
				161880F62139ACD100D449D4 /* HomeViewController.m */,
				161880F82139ACDB00D449D4 /* FavoriteViewController.h */,
				161880F92139ACDB00D449D4 /* FavoriteViewController.m */,
				161880FB2139ACE100D449D4 /* MoreViewController.h */,
				161880FC2139ACE100D449D4 /* MoreViewController.m */,
				161880F22139AC3E00D449D4 /* TestViewController.h */,
				161880F32139AC3E00D449D4 /* TestViewController.m */,
				161880DC2139A9E800D449D4 /* Main.storyboard */,
				161880DF2139A9EB00D449D4 /* Assets.xcassets */,
				161880E12139A9EB00D449D4 /* LaunchScreen.storyboard */,
				161880E42139A9EB00D449D4 /* Info.plist */,
				161880E52139A9EB00D449D4 /* main.m */,
			);
			path = "UINavigationController+SmartPush";
			sourceTree = "<group>";
		};
		161880FE2139ADF600D449D4 /* SmartPush */ = {
			isa = PBXGroup;
			children = (
				161881002139ADF600D449D4 /* UINavigationController+SmartPush.h */,
				161880FF2139ADF600D449D4 /* UINavigationController+SmartPush.m */,
			);
			path = SmartPush;
			sourceTree = "<group>";
		};
/* End PBXGroup section */

/* Begin PBXNativeTarget section */
		161880D22139A9E700D449D4 /* UINavigationController+SmartPush */ = {
			isa = PBXNativeTarget;
			buildConfigurationList = 161880E92139A9EB00D449D4 /* Build configuration list for PBXNativeTarget "UINavigationController+SmartPush" */;
			buildPhases = (
				161880CF2139A9E700D449D4 /* Sources */,
				161880D02139A9E700D449D4 /* Frameworks */,
				161880D12139A9E700D449D4 /* Resources */,
			);
			buildRules = (
			);
			dependencies = (
			);
			name = "UINavigationController+SmartPush";
			productName = "UINavigationController+SmartPush";
			productReference = 161880D32139A9E700D449D4 /* UINavigationController+SmartPush.app */;
			productType = "com.apple.product-type.application";
		};
/* End PBXNativeTarget section */

/* Begin PBXProject section */
		161880CB2139A9E700D449D4 /* Project object */ = {
			isa = PBXProject;
			attributes = {
				LastUpgradeCheck = 0940;
				ORGANIZATIONNAME = xgf;
				TargetAttributes = {
					161880D22139A9E700D449D4 = {
						CreatedOnToolsVersion = 9.4.1;
					};
				};
			};
			buildConfigurationList = 161880CE2139A9E700D449D4 /* Build configuration list for PBXProject "UINavigationController+SmartPush" */;
			compatibilityVersion = "Xcode 9.3";
			developmentRegion = en;
			hasScannedForEncodings = 0;
			knownRegions = (
				en,
				Base,
			);
			mainGroup = 161880CA2139A9E700D449D4;
			productRefGroup = 161880D42139A9E700D449D4 /* Products */;
			projectDirPath = "";
			projectRoot = "";
			targets = (
				161880D22139A9E700D449D4 /* UINavigationController+SmartPush */,
			);
		};
/* End PBXProject section */

/* Begin PBXResourcesBuildPhase section */
		161880D12139A9E700D449D4 /* Resources */ = {
			isa = PBXResourcesBuildPhase;
			buildActionMask = 2147483647;
			files = (
				161880E32139A9EB00D449D4 /* LaunchScreen.storyboard in Resources */,
				161880E02139A9EB00D449D4 /* Assets.xcassets in Resources */,
				161880DE2139A9E800D449D4 /* Main.storyboard in Resources */,
			);
			runOnlyForDeploymentPostprocessing = 0;
		};
/* End PBXResourcesBuildPhase section */

/* Begin PBXSourcesBuildPhase section */
		161880CF2139A9E700D449D4 /* Sources */ = {
			isa = PBXSourcesBuildPhase;
			buildActionMask = 2147483647;
			files = (
				161880FA2139ACDB00D449D4 /* FavoriteViewController.m in Sources */,
				161880EE2139AA2800D449D4 /* BaseViewController.m in Sources */,
				161880E62139A9EB00D449D4 /* main.m in Sources */,
				161880F42139AC3E00D449D4 /* TestViewController.m in Sources */,
				161880F72139ACD100D449D4 /* HomeViewController.m in Sources */,
				161881012139ADF600D449D4 /* UINavigationController+SmartPush.m in Sources */,
				161880FD2139ACE100D449D4 /* MoreViewController.m in Sources */,
				161880D82139A9E800D449D4 /* AppDelegate.m in Sources */,
			);
			runOnlyForDeploymentPostprocessing = 0;
		};
/* End PBXSourcesBuildPhase section */

/* Begin PBXVariantGroup section */
		161880DC2139A9E800D449D4 /* Main.storyboard */ = {
			isa = PBXVariantGroup;
			children = (
				161880DD2139A9E800D449D4 /* Base */,
			);
			name = Main.storyboard;
			sourceTree = "<group>";
		};
		161880E12139A9EB00D449D4 /* LaunchScreen.storyboard */ = {
			isa = PBXVariantGroup;
			children = (
				161880E22139A9EB00D449D4 /* Base */,
			);
			name = LaunchScreen.storyboard;
			sourceTree = "<group>";
		};
/* End PBXVariantGroup section */

/* Begin XCBuildConfiguration section */
		161880E72139A9EB00D449D4 /* Debug */ = {
			isa = XCBuildConfiguration;
			buildSettings = {
				ALWAYS_SEARCH_USER_PATHS = NO;
				CLANG_ANALYZER_NONNULL = YES;
				CLANG_ANALYZER_NUMBER_OBJECT_CONVERSION = YES_AGGRESSIVE;
				CLANG_CXX_LANGUAGE_STANDARD = "gnu++14";
				CLANG_CXX_LIBRARY = "libc++";
				CLANG_ENABLE_MODULES = YES;
				CLANG_ENABLE_OBJC_ARC = YES;
				CLANG_ENABLE_OBJC_WEAK = YES;
				CLANG_WARN_BLOCK_CAPTURE_AUTORELEASING = YES;
				CLANG_WARN_BOOL_CONVERSION = YES;
				CLANG_WARN_COMMA = YES;
				CLANG_WARN_CONSTANT_CONVERSION = YES;
				CLANG_WARN_DEPRECATED_OBJC_IMPLEMENTATIONS = YES;
				CLANG_WARN_DIRECT_OBJC_ISA_USAGE = YES_ERROR;
				CLANG_WARN_DOCUMENTATION_COMMENTS = YES;
				CLANG_WARN_EMPTY_BODY = YES;
				CLANG_WARN_ENUM_CONVERSION = YES;
				CLANG_WARN_INFINITE_RECURSION = YES;
				CLANG_WARN_INT_CONVERSION = YES;
				CLANG_WARN_NON_LITERAL_NULL_CONVERSION = YES;
				CLANG_WARN_OBJC_IMPLICIT_RETAIN_SELF = YES;
				CLANG_WARN_OBJC_LITERAL_CONVERSION = YES;
				CLANG_WARN_OBJC_ROOT_CLASS = YES_ERROR;
				CLANG_WARN_RANGE_LOOP_ANALYSIS = YES;
				CLANG_WARN_STRICT_PROTOTYPES = YES;
				CLANG_WARN_SUSPICIOUS_MOVE = YES;
				CLANG_WARN_UNGUARDED_AVAILABILITY = YES_AGGRESSIVE;
				CLANG_WARN_UNREACHABLE_CODE = YES;
				CLANG_WARN__DUPLICATE_METHOD_MATCH = YES;
				CODE_SIGN_IDENTITY = "iPhone Developer";
				COPY_PHASE_STRIP = NO;
				DEBUG_INFORMATION_FORMAT = dwarf;
				ENABLE_STRICT_OBJC_MSGSEND = YES;
				ENABLE_TESTABILITY = YES;
				GCC_C_LANGUAGE_STANDARD = gnu11;
				GCC_DYNAMIC_NO_PIC = NO;
				GCC_NO_COMMON_BLOCKS = YES;
				GCC_OPTIMIZATION_LEVEL = 0;
				GCC_PREPROCESSOR_DEFINITIONS = (
					"DEBUG=1",
					"$(inherited)",
				);
				GCC_WARN_64_TO_32_BIT_CONVERSION = YES;
				GCC_WARN_ABOUT_RETURN_TYPE = YES_ERROR;
				GCC_WARN_UNDECLARED_SELECTOR = YES;
				GCC_WARN_UNINITIALIZED_AUTOS = YES_AGGRESSIVE;
				GCC_WARN_UNUSED_FUNCTION = YES;
				GCC_WARN_UNUSED_VARIABLE = YES;
				IPHONEOS_DEPLOYMENT_TARGET = 11.4;
				MTL_ENABLE_DEBUG_INFO = YES;
				ONLY_ACTIVE_ARCH = YES;
				SDKROOT = iphoneos;
			};
			name = Debug;
		};
		161880E82139A9EB00D449D4 /* Release */ = {
			isa = XCBuildConfiguration;
			buildSettings = {
				ALWAYS_SEARCH_USER_PATHS = NO;
				CLANG_ANALYZER_NONNULL = YES;
				CLANG_ANALYZER_NUMBER_OBJECT_CONVERSION = YES_AGGRESSIVE;
				CLANG_CXX_LANGUAGE_STANDARD = "gnu++14";
				CLANG_CXX_LIBRARY = "libc++";
				CLANG_ENABLE_MODULES = YES;
				CLANG_ENABLE_OBJC_ARC = YES;
				CLANG_ENABLE_OBJC_WEAK = YES;
				CLANG_WARN_BLOCK_CAPTURE_AUTORELEASING = YES;
				CLANG_WARN_BOOL_CONVERSION = YES;
				CLANG_WARN_COMMA = YES;
				CLANG_WARN_CONSTANT_CONVERSION = YES;
				CLANG_WARN_DEPRECATED_OBJC_IMPLEMENTATIONS = YES;
				CLANG_WARN_DIRECT_OBJC_ISA_USAGE = YES_ERROR;
				CLANG_WARN_DOCUMENTATION_COMMENTS = YES;
				CLANG_WARN_EMPTY_BODY = YES;
				CLANG_WARN_ENUM_CONVERSION = YES;
				CLANG_WARN_INFINITE_RECURSION = YES;
				CLANG_WARN_INT_CONVERSION = YES;
				CLANG_WARN_NON_LITERAL_NULL_CONVERSION = YES;
				CLANG_WARN_OBJC_IMPLICIT_RETAIN_SELF = YES;
				CLANG_WARN_OBJC_LITERAL_CONVERSION = YES;
				CLANG_WARN_OBJC_ROOT_CLASS = YES_ERROR;
				CLANG_WARN_RANGE_LOOP_ANALYSIS = YES;
				CLANG_WARN_STRICT_PROTOTYPES = YES;
				CLANG_WARN_SUSPICIOUS_MOVE = YES;
				CLANG_WARN_UNGUARDED_AVAILABILITY = YES_AGGRESSIVE;
				CLANG_WARN_UNREACHABLE_CODE = YES;
				CLANG_WARN__DUPLICATE_METHOD_MATCH = YES;
				CODE_SIGN_IDENTITY = "iPhone Developer";
				COPY_PHASE_STRIP = NO;
				DEBUG_INFORMATION_FORMAT = "dwarf-with-dsym";
				ENABLE_NS_ASSERTIONS = NO;
				ENABLE_STRICT_OBJC_MSGSEND = YES;
				GCC_C_LANGUAGE_STANDARD = gnu11;
				GCC_NO_COMMON_BLOCKS = YES;
				GCC_WARN_64_TO_32_BIT_CONVERSION = YES;
				GCC_WARN_ABOUT_RETURN_TYPE = YES_ERROR;
				GCC_WARN_UNDECLARED_SELECTOR = YES;
				GCC_WARN_UNINITIALIZED_AUTOS = YES_AGGRESSIVE;
				GCC_WARN_UNUSED_FUNCTION = YES;
				GCC_WARN_UNUSED_VARIABLE = YES;
				IPHONEOS_DEPLOYMENT_TARGET = 11.4;
				MTL_ENABLE_DEBUG_INFO = NO;
				SDKROOT = iphoneos;
				VALIDATE_PRODUCT = YES;
			};
			name = Release;
		};
		161880EA2139A9EB00D449D4 /* Debug */ = {
			isa = XCBuildConfiguration;
			buildSettings = {
				ASSETCATALOG_COMPILER_APPICON_NAME = AppIcon;
				CODE_SIGN_STYLE = Automatic;
				INFOPLIST_FILE = "UINavigationController+SmartPush/Info.plist";
				LD_RUNPATH_SEARCH_PATHS = (
					"$(inherited)",
					"@executable_path/Frameworks",
				);
				PRODUCT_BUNDLE_IDENTIFIER = "xia.UINavigationController-SmartPush";
				PRODUCT_NAME = "$(TARGET_NAME)";
				TARGETED_DEVICE_FAMILY = "1,2";
			};
			name = Debug;
		};
		161880EB2139A9EB00D449D4 /* Release */ = {
			isa = XCBuildConfiguration;
			buildSettings = {
				ASSETCATALOG_COMPILER_APPICON_NAME = AppIcon;
				CODE_SIGN_STYLE = Automatic;
				INFOPLIST_FILE = "UINavigationController+SmartPush/Info.plist";
				LD_RUNPATH_SEARCH_PATHS = (
					"$(inherited)",
					"@executable_path/Frameworks",
				);
				PRODUCT_BUNDLE_IDENTIFIER = "xia.UINavigationController-SmartPush";
				PRODUCT_NAME = "$(TARGET_NAME)";
				TARGETED_DEVICE_FAMILY = "1,2";
			};
			name = Release;
		};
/* End XCBuildConfiguration section */

/* Begin XCConfigurationList section */
		161880CE2139A9E700D449D4 /* Build configuration list for PBXProject "UINavigationController+SmartPush" */ = {
			isa = XCConfigurationList;
			buildConfigurations = (
				161880E72139A9EB00D449D4 /* Debug */,
				161880E82139A9EB00D449D4 /* Release */,
			);
			defaultConfigurationIsVisible = 0;
			defaultConfigurationName = Release;
		};
		161880E92139A9EB00D449D4 /* Build configuration list for PBXNativeTarget "UINavigationController+SmartPush" */ = {
			isa = XCConfigurationList;
			buildConfigurations = (
				161880EA2139A9EB00D449D4 /* Debug */,
				161880EB2139A9EB00D449D4 /* Release */,
			);
			defaultConfigurationIsVisible = 0;
			defaultConfigurationName = Release;
		};
/* End XCConfigurationList section */
	};
	rootObject = 161880CB2139A9E700D449D4 /* Project object */;
}
